// !$*UTF8*$!
{
	archiveVersion = 1;
	classes = {
	};
	objectVersion = 46;
	objects = {

/* Begin PBXBuildFile section */
		7251D2151AE16E5E00F062A1 /* main.m in Sources */ = {isa = PBXBuildFile; fileRef = 7251D2141AE16E5E00F062A1 /* main.m */; };
		7251D2181AE16E5E00F062A1 /* AppDelegate.m in Sources */ = {isa = PBXBuildFile; fileRef = 7251D2171AE16E5E00F062A1 /* AppDelegate.m */; };
		7251D21B1AE16E5E00F062A1 /* ViewController.m in Sources */ = {isa = PBXBuildFile; fileRef = 7251D21A1AE16E5E00F062A1 /* ViewController.m */; };
		7251D21E1AE16E5E00F062A1 /* Main.storyboard in Resources */ = {isa = PBXBuildFile; fileRef = 7251D21C1AE16E5E00F062A1 /* Main.storyboard */; };
		7251D2201AE16E5E00F062A1 /* Images.xcassets in Resources */ = {isa = PBXBuildFile; fileRef = 7251D21F1AE16E5E00F062A1 /* Images.xcassets */; };
		7251D2231AE16E5E00F062A1 /* LaunchScreen.xib in Resources */ = {isa = PBXBuildFile; fileRef = 7251D2211AE16E5E00F062A1 /* LaunchScreen.xib */; };
		7251D22F1AE16E5E00F062A1 /* RevealTrayTests.m in Sources */ = {isa = PBXBuildFile; fileRef = 7251D22E1AE16E5E00F062A1 /* RevealTrayTests.m */; };
		7251D23A1AE551BA00F062A1 /* TrayTransitionAnimator.m in Sources */ = {isa = PBXBuildFile; fileRef = 7251D2391AE551BA00F062A1 /* TrayTransitionAnimator.m */; };
		7251D23D1AE571CE00F062A1 /* TrayViewController.m in Sources */ = {isa = PBXBuildFile; fileRef = 7251D23C1AE571CE00F062A1 /* TrayViewController.m */; };
/* End PBXBuildFile section */

/* Begin PBXContainerItemProxy section */
		7251D2291AE16E5E00F062A1 /* PBXContainerItemProxy */ = {
			isa = PBXContainerItemProxy;
			containerPortal = 7251D2071AE16E5E00F062A1 /* Project object */;
			proxyType = 1;
			remoteGlobalIDString = 7251D20E1AE16E5E00F062A1;
			remoteInfo = RevealTray;
		};
/* End PBXContainerItemProxy section */

/* Begin PBXFileReference section */
		7251D20F1AE16E5E00F062A1 /* RevealTray.app */ = {isa = PBXFileReference; explicitFileType = wrapper.application; includeInIndex = 0; path = RevealTray.app; sourceTree = BUILT_PRODUCTS_DIR; };
		7251D2131AE16E5E00F062A1 /* Info.plist */ = {isa = PBXFileReference; lastKnownFileType = text.plist.xml; path = Info.plist; sourceTree = "<group>"; };
		7251D2141AE16E5E00F062A1 /* main.m */ = {isa = PBXFileReference; lastKnownFileType = sourcecode.c.objc; path = main.m; sourceTree = "<group>"; };
		7251D2161AE16E5E00F062A1 /* AppDelegate.h */ = {isa = PBXFileReference; lastKnownFileType = sourcecode.c.h; path = AppDelegate.h; sourceTree = "<group>"; };
		7251D2171AE16E5E00F062A1 /* AppDelegate.m */ = {isa = PBXFileReference; lastKnownFileType = sourcecode.c.objc; path = AppDelegate.m; sourceTree = "<group>"; };
		7251D2191AE16E5E00F062A1 /* ViewController.h */ = {isa = PBXFileReference; lastKnownFileType = sourcecode.c.h; path = ViewController.h; sourceTree = "<group>"; };
		7251D21A1AE16E5E00F062A1 /* ViewController.m */ = {isa = PBXFileReference; lastKnownFileType = sourcecode.c.objc; path = ViewController.m; sourceTree = "<group>"; };
		7251D21D1AE16E5E00F062A1 /* Base */ = {isa = PBXFileReference; lastKnownFileType = file.storyboard; name = Base; path = Base.lproj/Main.storyboard; sourceTree = "<group>"; };
		7251D21F1AE16E5E00F062A1 /* Images.xcassets */ = {isa = PBXFileReference; lastKnownFileType = folder.assetcatalog; path = Images.xcassets; sourceTree = "<group>"; };
		7251D2221AE16E5E00F062A1 /* Base */ = {isa = PBXFileReference; lastKnownFileType = file.xib; name = Base; path = Base.lproj/LaunchScreen.xib; sourceTree = "<group>"; };
		7251D2281AE16E5E00F062A1 /* RevealTrayTests.xctest */ = {isa = PBXFileReference; explicitFileType = wrapper.cfbundle; includeInIndex = 0; path = RevealTrayTests.xctest; sourceTree = BUILT_PRODUCTS_DIR; };
		7251D22D1AE16E5E00F062A1 /* Info.plist */ = {isa = PBXFileReference; lastKnownFileType = text.plist.xml; path = Info.plist; sourceTree = "<group>"; };
		7251D22E1AE16E5E00F062A1 /* RevealTrayTests.m */ = {isa = PBXFileReference; lastKnownFileType = sourcecode.c.objc; path = RevealTrayTests.m; sourceTree = "<group>"; };
		7251D2381AE551BA00F062A1 /* TrayTransitionAnimator.h */ = {isa = PBXFileReference; fileEncoding = 4; lastKnownFileType = sourcecode.c.h; path = TrayTransitionAnimator.h; sourceTree = "<group>"; };
		7251D2391AE551BA00F062A1 /* TrayTransitionAnimator.m */ = {isa = PBXFileReference; fileEncoding = 4; lastKnownFileType = sourcecode.c.objc; path = TrayTransitionAnimator.m; sourceTree = "<group>"; };
		7251D23B1AE571CE00F062A1 /* TrayViewController.h */ = {isa = PBXFileReference; fileEncoding = 4; lastKnownFileType = sourcecode.c.h; path = TrayViewController.h; sourceTree = "<group>"; };
		7251D23C1AE571CE00F062A1 /* TrayViewController.m */ = {isa = PBXFileReference; fileEncoding = 4; lastKnownFileType = sourcecode.c.objc; path = TrayViewController.m; sourceTree = "<group>"; };
/* End PBXFileReference section */

/* Begin PBXFrameworksBuildPhase section */
		7251D20C1AE16E5E00F062A1 /* Frameworks */ = {
			isa = PBXFrameworksBuildPhase;
			buildActionMask = 2147483647;
			files = (
			);
			runOnlyForDeploymentPostprocessing = 0;
		};
		7251D2251AE16E5E00F062A1 /* Frameworks */ = {
			isa = PBXFrameworksBuildPhase;
			buildActionMask = 2147483647;
			files = (
			);
			runOnlyForDeploymentPostprocessing = 0;
		};
/* End PBXFrameworksBuildPhase section */

/* Begin PBXGroup section */
		7251D2061AE16E5E00F062A1 = {
			isa = PBXGroup;
			children = (
				7251D2111AE16E5E00F062A1 /* RevealTray */,
				7251D22B1AE16E5E00F062A1 /* RevealTrayTests */,
				7251D2101AE16E5E00F062A1 /* Products */,
			);
			sourceTree = "<group>";
		};
		7251D2101AE16E5E00F062A1 /* Products */ = {
			isa = PBXGroup;
			children = (
				7251D20F1AE16E5E00F062A1 /* RevealTray.app */,
				7251D2281AE16E5E00F062A1 /* RevealTrayTests.xctest */,
			);
			name = Products;
			sourceTree = "<group>";
		};
		7251D2111AE16E5E00F062A1 /* RevealTray */ = {
			isa = PBXGroup;
			children = (
				7251D2161AE16E5E00F062A1 /* AppDelegate.h */,
				7251D2171AE16E5E00F062A1 /* AppDelegate.m */,
				7251D2191AE16E5E00F062A1 /* ViewController.h */,
				7251D21A1AE16E5E00F062A1 /* ViewController.m */,
				7251D21C1AE16E5E00F062A1 /* Main.storyboard */,
				7251D23B1AE571CE00F062A1 /* TrayViewController.h */,
				7251D23C1AE571CE00F062A1 /* TrayViewController.m */,
				7251D2381AE551BA00F062A1 /* TrayTransitionAnimator.h */,
				7251D2391AE551BA00F062A1 /* TrayTransitionAnimator.m */,
				7251D21F1AE16E5E00F062A1 /* Images.xcassets */,
				7251D2211AE16E5E00F062A1 /* LaunchScreen.xib */,
				7251D2121AE16E5E00F062A1 /* Supporting Files */,
			);
			path = RevealTray;
			sourceTree = "<group>";
		};
		7251D2121AE16E5E00F062A1 /* Supporting Files */ = {
			isa = PBXGroup;
			children = (
				7251D2131AE16E5E00F062A1 /* Info.plist */,
				7251D2141AE16E5E00F062A1 /* main.m */,
			);
			name = "Supporting Files";
			sourceTree = "<group>";
		};
		7251D22B1AE16E5E00F062A1 /* RevealTrayTests */ = {
			isa = PBXGroup;
			children = (
				7251D22E1AE16E5E00F062A1 /* RevealTrayTests.m */,
				7251D22C1AE16E5E00F062A1 /* Supporting Files */,
			);
			path = RevealTrayTests;
			sourceTree = "<group>";
		};
		7251D22C1AE16E5E00F062A1 /* Supporting Files */ = {
			isa = PBXGroup;
			children = (
				7251D22D1AE16E5E00F062A1 /* Info.plist */,
			);
			name = "Supporting Files";
			sourceTree = "<group>";
		};
/* End PBXGroup section */

/* Begin PBXNativeTarget section */
		7251D20E1AE16E5E00F062A1 /* RevealTray */ = {
			isa = PBXNativeTarget;
			buildConfigurationList = 7251D2321AE16E5E00F062A1 /* Build configuration list for PBXNativeTarget "RevealTray" */;
			buildPhases = (
				7251D20B1AE16E5E00F062A1 /* Sources */,
				7251D20C1AE16E5E00F062A1 /* Frameworks */,
				7251D20D1AE16E5E00F062A1 /* Resources */,
			);
			buildRules = (
			);
			dependencies = (
			);
			name = RevealTray;
			productName = RevealTray;
			productReference = 7251D20F1AE16E5E00F062A1 /* RevealTray.app */;
			productType = "com.apple.product-type.application";
		};
		7251D2271AE16E5E00F062A1 /* RevealTrayTests */ = {
			isa = PBXNativeTarget;
			buildConfigurationList = 7251D2351AE16E5E00F062A1 /* Build configuration list for PBXNativeTarget "RevealTrayTests" */;
			buildPhases = (
				7251D2241AE16E5E00F062A1 /* Sources */,
				7251D2251AE16E5E00F062A1 /* Frameworks */,
				7251D2261AE16E5E00F062A1 /* Resources */,
			);
			buildRules = (
			);
			dependencies = (
				7251D22A1AE16E5E00F062A1 /* PBXTargetDependency */,
			);
			name = RevealTrayTests;
			productName = RevealTrayTests;
			productReference = 7251D2281AE16E5E00F062A1 /* RevealTrayTests.xctest */;
			productType = "com.apple.product-type.bundle.unit-test";
		};
/* End PBXNativeTarget section */

/* Begin PBXProject section */
		7251D2071AE16E5E00F062A1 /* Project object */ = {
			isa = PBXProject;
			attributes = {
				LastUpgradeCheck = 0630;
				ORGANIZATIONNAME = "Murray Sagal";
				TargetAttributes = {
					7251D20E1AE16E5E00F062A1 = {
						CreatedOnToolsVersion = 6.3;
					};
					7251D2271AE16E5E00F062A1 = {
						CreatedOnToolsVersion = 6.3;
						TestTargetID = 7251D20E1AE16E5E00F062A1;
					};
				};
			};
			buildConfigurationList = 7251D20A1AE16E5E00F062A1 /* Build configuration list for PBXProject "RevealTray" */;
			compatibilityVersion = "Xcode 3.2";
			developmentRegion = English;
			hasScannedForEncodings = 0;
			knownRegions = (
				en,
				Base,
			);
			mainGroup = 7251D2061AE16E5E00F062A1;
			productRefGroup = 7251D2101AE16E5E00F062A1 /* Products */;
			projectDirPath = "";
			projectRoot = "";
			targets = (
				7251D20E1AE16E5E00F062A1 /* RevealTray */,
				7251D2271AE16E5E00F062A1 /* RevealTrayTests */,
			);
		};
/* End PBXProject section */

/* Begin PBXResourcesBuildPhase section */
		7251D20D1AE16E5E00F062A1 /* Resources */ = {
			isa = PBXResourcesBuildPhase;
			buildActionMask = 2147483647;
			files = (
				7251D21E1AE16E5E00F062A1 /* Main.storyboard in Resources */,
				7251D2231AE16E5E00F062A1 /* LaunchScreen.xib in Resources */,
				7251D2201AE16E5E00F062A1 /* Images.xcassets in Resources */,
			);
			runOnlyForDeploymentPostprocessing = 0;
		};
		7251D2261AE16E5E00F062A1 /* Resources */ = {
			isa = PBXResourcesBuildPhase;
			buildActionMask = 2147483647;
			files = (
			);
			runOnlyForDeploymentPostprocessing = 0;
		};
/* End PBXResourcesBuildPhase section */

/* Begin PBXSourcesBuildPhase section */
		7251D20B1AE16E5E00F062A1 /* Sources */ = {
			isa = PBXSourcesBuildPhase;
			buildActionMask = 2147483647;
			files = (
				7251D21B1AE16E5E00F062A1 /* ViewController.m in Sources */,
				7251D23A1AE551BA00F062A1 /* TrayTransitionAnimator.m in Sources */,
				7251D23D1AE571CE00F062A1 /* TrayViewController.m in Sources */,
				7251D2181AE16E5E00F062A1 /* AppDelegate.m in Sources */,
				7251D2151AE16E5E00F062A1 /* main.m in Sources */,
			);
			runOnlyForDeploymentPostprocessing = 0;
		};
		7251D2241AE16E5E00F062A1 /* Sources */ = {
			isa = PBXSourcesBuildPhase;
			buildActionMask = 2147483647;
			files = (
				7251D22F1AE16E5E00F062A1 /* RevealTrayTests.m in Sources */,
			);
			runOnlyForDeploymentPostprocessing = 0;
		};
/* End PBXSourcesBuildPhase section */

/* Begin PBXTargetDependency section */
		7251D22A1AE16E5E00F062A1 /* PBXTargetDependency */ = {
			isa = PBXTargetDependency;
			target = 7251D20E1AE16E5E00F062A1 /* RevealTray */;
			targetProxy = 7251D2291AE16E5E00F062A1 /* PBXContainerItemProxy */;
		};
/* End PBXTargetDependency section */

/* Begin PBXVariantGroup section */
		7251D21C1AE16E5E00F062A1 /* Main.storyboard */ = {
			isa = PBXVariantGroup;
			children = (
				7251D21D1AE16E5E00F062A1 /* Base */,
			);
			name = Main.storyboard;
			sourceTree = "<group>";
		};
		7251D2211AE16E5E00F062A1 /* LaunchScreen.xib */ = {
			isa = PBXVariantGroup;
			children = (
				7251D2221AE16E5E00F062A1 /* Base */,
			);
			name = LaunchScreen.xib;
			sourceTree = "<group>";
		};
/* End PBXVariantGroup section */

/* Begin XCBuildConfiguration section */
		7251D2301AE16E5E00F062A1 /* Debug */ = {
			isa = XCBuildConfiguration;
			buildSettings = {
				ALWAYS_SEARCH_USER_PATHS = NO;
				CLANG_CXX_LANGUAGE_STANDARD = "gnu++0x";
				CLANG_CXX_LIBRARY = "libc++";
				CLANG_ENABLE_MODULES = YES;
				CLANG_ENABLE_OBJC_ARC = YES;
				CLANG_WARN_BOOL_CONVERSION = YES;
				CLANG_WARN_CONSTANT_CONVERSION = YES;
				CLANG_WARN_DIRECT_OBJC_ISA_USAGE = YES_ERROR;
				CLANG_WARN_EMPTY_BODY = YES;
				CLANG_WARN_ENUM_CONVERSION = YES;
				CLANG_WARN_INT_CONVERSION = YES;
				CLANG_WARN_OBJC_ROOT_CLASS = YES_ERROR;
				CLANG_WARN_UNREACHABLE_CODE = YES;
				CLANG_WARN__DUPLICATE_METHOD_MATCH = YES;
				"CODE_SIGN_IDENTITY[sdk=iphoneos*]" = "iPhone Developer";
				COPY_PHASE_STRIP = NO;
				DEBUG_INFORMATION_FORMAT = "dwarf-with-dsym";
				ENABLE_STRICT_OBJC_MSGSEND = YES;
				GCC_C_LANGUAGE_STANDARD = gnu99;
				GCC_DYNAMIC_NO_PIC = NO;
				GCC_NO_COMMON_BLOCKS = YES;
				GCC_OPTIMIZATION_LEVEL = 0;
				GCC_PREPROCESSOR_DEFINITIONS = (
					"DEBUG=1",
					"$(inherited)",
				);
				GCC_SYMBOLS_PRIVATE_EXTERN = NO;
				GCC_WARN_64_TO_32_BIT_CONVERSION = YES;
				GCC_WARN_ABOUT_RETURN_TYPE = YES_ERROR;
				GCC_WARN_UNDECLARED_SELECTOR = YES;
				GCC_WARN_UNINITIALIZED_AUTOS = YES_AGGRESSIVE;
				GCC_WARN_UNUSED_FUNCTION = YES;
				GCC_WARN_UNUSED_VARIABLE = YES;
				IPHONEOS_DEPLOYMENT_TARGET = 8.3;
				MTL_ENABLE_DEBUG_INFO = YES;
				ONLY_ACTIVE_ARCH = YES;
				SDKROOT = iphoneos;
			};
			name = Debug;
		};
		7251D2311AE16E5E00F062A1 /* Release */ = {
			isa = XCBuildConfiguration;
			buildSettings = {
				ALWAYS_SEARCH_USER_PATHS = NO;
				CLANG_CXX_LANGUAGE_STANDARD = "gnu++0x";
				CLANG_CXX_LIBRARY = "libc++";
				CLANG_ENABLE_MODULES = YES;
				CLANG_ENABLE_OBJC_ARC = YES;
				CLANG_WARN_BOOL_CONVERSION = YES;
				CLANG_WARN_CONSTANT_CONVERSION = YES;
				CLANG_WARN_DIRECT_OBJC_ISA_USAGE = YES_ERROR;
				CLANG_WARN_EMPTY_BODY = YES;
				CLANG_WARN_ENUM_CONVERSION = YES;
				CLANG_WARN_INT_CONVERSION = YES;
				CLANG_WARN_OBJC_ROOT_CLASS = YES_ERROR;
				CLANG_WARN_UNREACHABLE_CODE = YES;
				CLANG_WARN__DUPLICATE_METHOD_MATCH = YES;
				"CODE_SIGN_IDENTITY[sdk=iphoneos*]" = "iPhone Developer";
				COPY_PHASE_STRIP = NO;
				DEBUG_INFORMATION_FORMAT = "dwarf-with-dsym";
				ENABLE_NS_ASSERTIONS = NO;
				ENABLE_STRICT_OBJC_MSGSEND = YES;
				GCC_C_LANGUAGE_STANDARD = gnu99;
				GCC_NO_COMMON_BLOCKS = YES;
				GCC_WARN_64_TO_32_BIT_CONVERSION = YES;
				GCC_WARN_ABOUT_RETURN_TYPE = YES_ERROR;
				GCC_WARN_UNDECLARED_SELECTOR = YES;
				GCC_WARN_UNINITIALIZED_AUTOS = YES_AGGRESSIVE;
				GCC_WARN_UNUSED_FUNCTION = YES;
				GCC_WARN_UNUSED_VARIABLE = YES;
				IPHONEOS_DEPLOYMENT_TARGET = 8.3;
				MTL_ENABLE_DEBUG_INFO = NO;
				SDKROOT = iphoneos;
				VALIDATE_PRODUCT = YES;
			};
			name = Release;
		};
		7251D2331AE16E5E00F062A1 /* Debug */ = {
			isa = XCBuildConfiguration;
			buildSettings = {
				ASSETCATALOG_COMPILER_APPICON_NAME = AppIcon;
				INFOPLIST_FILE = RevealTray/Info.plist;
				LD_RUNPATH_SEARCH_PATHS = "$(inherited) @executable_path/Frameworks";
				PRODUCT_NAME = "$(TARGET_NAME)";
			};
			name = Debug;
		};
		7251D2341AE16E5E00F062A1 /* Release */ = {
			isa = XCBuildConfiguration;
			buildSettings = {
				ASSETCATALOG_COMPILER_APPICON_NAME = AppIcon;
				INFOPLIST_FILE = RevealTray/Info.plist;
				LD_RUNPATH_SEARCH_PATHS = "$(inherited) @executable_path/Frameworks";
				PRODUCT_NAME = "$(TARGET_NAME)";
			};
			name = Release;
		};
		7251D2361AE16E5E00F062A1 /* Debug */ = {
			isa = XCBuildConfiguration;
			buildSettings = {
				BUNDLE_LOADER = "$(TEST_HOST)";
				FRAMEWORK_SEARCH_PATHS = (
					"$(SDKROOT)/Developer/Library/Frameworks",
					"$(inherited)",
				);
				GCC_PREPROCESSOR_DEFINITIONS = (
					"DEBUG=1",
					"$(inherited)",
				);
				INFOPLIST_FILE = RevealTrayTests/Info.plist;
				LD_RUNPATH_SEARCH_PATHS = "$(inherited) @executable_path/Frameworks @loader_path/Frameworks";
				PRODUCT_NAME = "$(TARGET_NAME)";
				TEST_HOST = "$(BUILT_PRODUCTS_DIR)/RevealTray.app/RevealTray";
			};
			name = Debug;
		};
		7251D2371AE16E5E00F062A1 /* Release */ = {
			isa = XCBuildConfiguration;
			buildSettings = {
				BUNDLE_LOADER = "$(TEST_HOST)";
				FRAMEWORK_SEARCH_PATHS = (
					"$(SDKROOT)/Developer/Library/Frameworks",
					"$(inherited)",
				);
				INFOPLIST_FILE = RevealTrayTests/Info.plist;
				LD_RUNPATH_SEARCH_PATHS = "$(inherited) @executable_path/Frameworks @loader_path/Frameworks";
				PRODUCT_NAME = "$(TARGET_NAME)";
				TEST_HOST = "$(BUILT_PRODUCTS_DIR)/RevealTray.app/RevealTray";
			};
			name = Release;
		};
/* End XCBuildConfiguration section */

/* Begin XCConfigurationList section */
		7251D20A1AE16E5E00F062A1 /* Build configuration list for PBXProject "RevealTray" */ = {
			isa = XCConfigurationList;
			buildConfigurations = (
				7251D2301AE16E5E00F062A1 /* Debug */,
				7251D2311AE16E5E00F062A1 /* Release */,
			);
			defaultConfigurationIsVisible = 0;
			defaultConfigurationName = Release;
		};
		7251D2321AE16E5E00F062A1 /* Build configuration list for PBXNativeTarget "RevealTray" */ = {
			isa = XCConfigurationList;
			buildConfigurations = (
				7251D2331AE16E5E00F062A1 /* Debug */,
				7251D2341AE16E5E00F062A1 /* Release */,
			);
			defaultConfigurationIsVisible = 0;
			defaultConfigurationName = Release;
		};
		7251D2351AE16E5E00F062A1 /* Build configuration list for PBXNativeTarget "RevealTrayTests" */ = {
			isa = XCConfigurationList;
			buildConfigurations = (
				7251D2361AE16E5E00F062A1 /* Debug */,
				7251D2371AE16E5E00F062A1 /* Release */,
			);
			defaultConfigurationIsVisible = 0;
			defaultConfigurationName = Release;
		};
/* End XCConfigurationList section */
	};
	rootObject = 7251D2071AE16E5E00F062A1 /* Project object */;
}
